<?xml version="1.0" encoding="utf-8"?>
<Project ToolsVersion="4.0" xmlns="http://schemas.microsoft.com/developer/msbuild/2003">
  <ItemGroup>
    <Filter Include="Source Files">
      <UniqueIdentifier>{4FC737F1-C7A5-4376-A066-2A32D752A2FF}</UniqueIdentifier>
      <Extensions>cpp;c;cc;cxx;def;odl;idl;hpj;bat;asm;asmx</Extensions>
    </Filter>
    <Filter Include="Header Files">
      <UniqueIdentifier>{93995380-89BD-4b04-88EB-625FBE52EBFB}</UniqueIdentifier>
      <Extensions>h;hh;hpp;hxx;hm;inl;inc;xsd</Extensions>
    </Filter>
    <Filter Include="Source Files\Entity">
      <UniqueIdentifier>{9f661f04-42af-412c-85c1-831a51e8a42e}</UniqueIdentifier>
    </Filter>
    <Filter Include="Source Files\Player">
      <UniqueIdentifier>{055c76bd-24d7-43ac-9b56-468244c3db2a}</UniqueIdentifier>
    </Filter>
    <Filter Include="Source Files\World">
      <UniqueIdentifier>{53a05189-4f3f-483e-9f04-c0da786cd7d4}</UniqueIdentifier>
    </Filter>
    <Filter Include="Config Files">
      <UniqueIdentifier>{869000ea-559f-4249-88b8-c40908b7413b}</UniqueIdentifier>
    </Filter>
  </ItemGroup>
  <ItemGroup>
    <Text Include="ReadMe.txt" />
    <Text Include="NPC.txt">
      <Filter>Config Files</Filter>
    </Text>
    <Text Include="Item.txt">
      <Filter>Config Files</Filter>
    </Text>
  </ItemGroup>
  <ItemGroup>
    <ClInclude Include="stdafx.h">
      <Filter>Header Files</Filter>
    </ClInclude>
    <ClInclude Include="targetver.h">
      <Filter>Header Files</Filter>
    </ClInclude>
    <ClInclude Include="resource.h">
      <Filter>Header Files</Filter>
    </ClInclude>
    <ClInclude Include="Entity.h">
      <Filter>Header Files</Filter>
    </ClInclude>
    <ClInclude Include="Classes.h">
      <Filter>Header Files</Filter>
    </ClInclude>
    <ClInclude Include="RoomHandler.h">
      <Filter>Header Files</Filter>
    </ClInclude>
    <ClInclude Include="DoorHandler.h">
      <Filter>Header Files</Filter>
    </ClInclude>
    <ClInclude Include="CombatHandler.h">
      <Filter>Header Files</Filter>
    </ClInclude>
    <ClInclude Include="Pathing.h">
      <Filter>Header Files</Filter>
    </ClInclude>
    <ClInclude Include="NPC.h">
      <Filter>Header Files</Filter>
    </ClInclude>
    <ClInclude Include="ItemHandler.h">
      <Filter>Header Files</Filter>
    </ClInclude>
    <ClInclude Include="Skills.h">
      <Filter>Header Files</Filter>
    </ClInclude>
    <ClInclude Include="NPCSkills.h">
      <Filter>Header Files</Filter>
    </ClInclude>
  </ItemGroup>
  <ItemGroup>
    <ClCompile Include="stdafx.cpp">
      <Filter>Source Files</Filter>
    </ClCompile>
    <ClCompile Include="TextAdventure.cpp">
      <Filter>Source Files</Filter>
    </ClCompile>
    <ClCompile Include="CombatHandler.cpp">
      <Filter>Source Files\Player</Filter>
    </ClCompile>
    <ClCompile Include="DoorHandler.cpp">
      <Filter>Source Files\World</Filter>
    </ClCompile>
    <ClCompile Include="Classes.cpp">
      <Filter>Source Files\Player</Filter>
    </ClCompile>
    <ClCompile Include="Entity.cpp">
      <Filter>Source Files\Entity</Filter>
    </ClCompile>
    <ClCompile Include="ItemHandler.cpp">
      <Filter>Source Files\Entity</Filter>
    </ClCompile>
    <ClCompile Include="NPC.cpp">
      <Filter>Source Files\Entity</Filter>
    </ClCompile>
    <ClCompile Include="Pathing.cpp">
      <Filter>Source Files\World</Filter>
    </ClCompile>
    <ClCompile Include="RoomHandler.cpp">
      <Filter>Source Files\World</Filter>
    </ClCompile>
    <ClCompile Include="Skills.cpp">
      <Filter>Source Files\Player</Filter>
    </ClCompile>
    <ClCompile Include="NPCSkills.cpp">
      <Filter>Source Files</Filter>
    </ClCompile>
  </ItemGroup>
  <ItemGroup>
    <ResourceCompile Include="TextAdventure.rc" />
  </ItemGroup>
</Project>